PODS:
  - Alamofire (5.5.0)
  - BetterSegmentedControl (2.0.1)
  - Kingfisher (7.2.0)
  - MHLoadingButton (0.1.3)
  - Moya (15.0.0):
    - Moya/Core (= 15.0.0)
  - Moya/Core (15.0.0):
    - Alamofire (~> 5.0)
  - SnapKit (5.0.1)

DEPENDENCIES:
  - BetterSegmentedControl (~> 2.0)
  - Kingfisher (~> 7.0)
  - MHLoadingButton
  - Moya (~> 15.0)
  - SnapKit (~> 5.0.0)

SPEC REPOS:
  trunk:
    - Alamofire
    - BetterSegmentedControl
    - Kingfisher
    - MHLoadingButton
    - Moya
    - SnapKit

SPEC CHECKSUMS:
  Alamofire: 1c4fb5369c3fe93d2857c780d8bbe09f06f97e7c
  BetterSegmentedControl: 09607b27861d49cbce48b7673b74f9150a3d371a
  Kingfisher: 3ac0b75b155cabc0e544877d1a4deea29feece92
  MHLoadingButton: 13bab47a3ce9d88df15638b7a5b73a8ac9f21077
  Moya: 138f0573e53411fb3dc17016add0b748dfbd78ee
  SnapKit: 97b92857e3df3a0c71833cce143274bf6ef8e5eb

PODFILE CHECKSUM: 30f563e58afa785db73d7690055bd714f6ede8c9

COCOAPODS: 1.11.2
