// !$*UTF8*$!
{
	archiveVersion = 1;
	classes = {
	};
	objectVersion = 55;
	objects = {

/* Begin PBXBuildFile section */
		1C566A4E27CF68FE004D4E22 /* Manga.swift in Sources */ = {isa = PBXBuildFile; fileRef = 1C566A4D27CF68FE004D4E22 /* Manga.swift */; };
		1C566A4F27CF68FE004D4E22 /* Manga.swift in Sources */ = {isa = PBXBuildFile; fileRef = 1C566A4D27CF68FE004D4E22 /* Manga.swift */; };
		1C566A5127CF697E004D4E22 /* GGLMangaService.swift in Sources */ = {isa = PBXBuildFile; fileRef = 1C566A5027CF697E004D4E22 /* GGLMangaService.swift */; };
		1C566A5227CF697E004D4E22 /* GGLMangaService.swift in Sources */ = {isa = PBXBuildFile; fileRef = 1C566A5027CF697E004D4E22 /* GGLMangaService.swift */; };
		1C566A5D27CF6F51004D4E22 /* GGLServiceTest.swift in Sources */ = {isa = PBXBuildFile; fileRef = 1C566A5C27CF6F51004D4E22 /* GGLServiceTest.swift */; };
		1C62E17127CF443F00F8CEC4 /* AppDelegate.swift in Sources */ = {isa = PBXBuildFile; fileRef = 1C62E17027CF443F00F8CEC4 /* AppDelegate.swift */; };
		1C62E17327CF443F00F8CEC4 /* SceneDelegate.swift in Sources */ = {isa = PBXBuildFile; fileRef = 1C62E17227CF443F00F8CEC4 /* SceneDelegate.swift */; };
		1C62E17527CF443F00F8CEC4 /* MainViewController.swift in Sources */ = {isa = PBXBuildFile; fileRef = 1C62E17427CF443F00F8CEC4 /* MainViewController.swift */; };
		1C62E17827CF443F00F8CEC4 /* Main.storyboard in Resources */ = {isa = PBXBuildFile; fileRef = 1C62E17627CF443F00F8CEC4 /* Main.storyboard */; };
		1C62E17A27CF444000F8CEC4 /* Assets.xcassets in Resources */ = {isa = PBXBuildFile; fileRef = 1C62E17927CF444000F8CEC4 /* Assets.xcassets */; };
		1C62E17D27CF444000F8CEC4 /* LaunchScreen.storyboard in Resources */ = {isa = PBXBuildFile; fileRef = 1C62E17B27CF444000F8CEC4 /* LaunchScreen.storyboard */; };
		1C62E19227CF444000F8CEC4 /* GogolooktestUITests.swift in Sources */ = {isa = PBXBuildFile; fileRef = 1C62E19127CF444000F8CEC4 /* GogolooktestUITests.swift */; };
		1C62E19427CF444000F8CEC4 /* GogolooktestUITestsLaunchTests.swift in Sources */ = {isa = PBXBuildFile; fileRef = 1C62E19327CF444000F8CEC4 /* GogolooktestUITestsLaunchTests.swift */; };
		1CB3BBEC27D0A7B000B3F529 /* MainViewModel.swift in Sources */ = {isa = PBXBuildFile; fileRef = 1CB3BBEB27D0A7B000B3F529 /* MainViewModel.swift */; };
		1CFC15EE27CF50C2000B0CE0 /* GGLService.swift in Sources */ = {isa = PBXBuildFile; fileRef = 1CFC15ED27CF50C2000B0CE0 /* GGLService.swift */; };
		1CFC15EF27CF50C2000B0CE0 /* GGLService.swift in Sources */ = {isa = PBXBuildFile; fileRef = 1CFC15ED27CF50C2000B0CE0 /* GGLService.swift */; };
		1CFC15F127CF5233000B0CE0 /* GGLAnimeService.swift in Sources */ = {isa = PBXBuildFile; fileRef = 1CFC15F027CF5233000B0CE0 /* GGLAnimeService.swift */; };
		1CFC15F227CF5233000B0CE0 /* GGLAnimeService.swift in Sources */ = {isa = PBXBuildFile; fileRef = 1CFC15F027CF5233000B0CE0 /* GGLAnimeService.swift */; };
		1CFC15F427CF55FD000B0CE0 /* Anime.swift in Sources */ = {isa = PBXBuildFile; fileRef = 1CFC15F327CF55FD000B0CE0 /* Anime.swift */; };
		1CFC15F527CF55FD000B0CE0 /* Anime.swift in Sources */ = {isa = PBXBuildFile; fileRef = 1CFC15F327CF55FD000B0CE0 /* Anime.swift */; };
		53871DCEC471DBC0B01D5B3A /* Pods_GogolooktestTests.framework in Frameworks */ = {isa = PBXBuildFile; fileRef = EEB35DC45BB7534E35174509 /* Pods_GogolooktestTests.framework */; };
		B09D2E2067230403942C1E47 /* Pods_Gogolooktest_GogolooktestUITests.framework in Frameworks */ = {isa = PBXBuildFile; fileRef = C31467256FB828BC7FA4612B /* Pods_Gogolooktest_GogolooktestUITests.framework */; };
		C7650010AC6AEAB7F8034561 /* Pods_Gogolooktest.framework in Frameworks */ = {isa = PBXBuildFile; fileRef = 26216E1265FD5798EEEC37C7 /* Pods_Gogolooktest.framework */; };
/* End PBXBuildFile section */

/* Begin PBXContainerItemProxy section */
		1C62E18427CF444000F8CEC4 /* PBXContainerItemProxy */ = {
			isa = PBXContainerItemProxy;
			containerPortal = 1C62E16527CF443F00F8CEC4 /* Project object */;
			proxyType = 1;
			remoteGlobalIDString = 1C62E16C27CF443F00F8CEC4;
			remoteInfo = Gogolooktest;
		};
		1C62E18E27CF444000F8CEC4 /* PBXContainerItemProxy */ = {
			isa = PBXContainerItemProxy;
			containerPortal = 1C62E16527CF443F00F8CEC4 /* Project object */;
			proxyType = 1;
			remoteGlobalIDString = 1C62E16C27CF443F00F8CEC4;
			remoteInfo = Gogolooktest;
		};
/* End PBXContainerItemProxy section */

/* Begin PBXFileReference section */
		1C566A4D27CF68FE004D4E22 /* Manga.swift */ = {isa = PBXFileReference; lastKnownFileType = sourcecode.swift; path = Manga.swift; sourceTree = "<group>"; };
		1C566A5027CF697E004D4E22 /* GGLMangaService.swift */ = {isa = PBXFileReference; lastKnownFileType = sourcecode.swift; path = GGLMangaService.swift; sourceTree = "<group>"; };
		1C566A5C27CF6F51004D4E22 /* GGLServiceTest.swift */ = {isa = PBXFileReference; lastKnownFileType = sourcecode.swift; path = GGLServiceTest.swift; sourceTree = "<group>"; };
		1C62E16D27CF443F00F8CEC4 /* Gogolooktest.app */ = {isa = PBXFileReference; explicitFileType = wrapper.application; includeInIndex = 0; path = Gogolooktest.app; sourceTree = BUILT_PRODUCTS_DIR; };
		1C62E17027CF443F00F8CEC4 /* AppDelegate.swift */ = {isa = PBXFileReference; lastKnownFileType = sourcecode.swift; path = AppDelegate.swift; sourceTree = "<group>"; };
		1C62E17227CF443F00F8CEC4 /* SceneDelegate.swift */ = {isa = PBXFileReference; lastKnownFileType = sourcecode.swift; path = SceneDelegate.swift; sourceTree = "<group>"; };
		1C62E17427CF443F00F8CEC4 /* MainViewController.swift */ = {isa = PBXFileReference; lastKnownFileType = sourcecode.swift; path = MainViewController.swift; sourceTree = "<group>"; };
		1C62E17727CF443F00F8CEC4 /* Base */ = {isa = PBXFileReference; lastKnownFileType = file.storyboard; name = Base; path = Base.lproj/Main.storyboard; sourceTree = "<group>"; };
		1C62E17927CF444000F8CEC4 /* Assets.xcassets */ = {isa = PBXFileReference; lastKnownFileType = folder.assetcatalog; path = Assets.xcassets; sourceTree = "<group>"; };
		1C62E17C27CF444000F8CEC4 /* Base */ = {isa = PBXFileReference; lastKnownFileType = file.storyboard; name = Base; path = Base.lproj/LaunchScreen.storyboard; sourceTree = "<group>"; };
		1C62E17E27CF444000F8CEC4 /* Info.plist */ = {isa = PBXFileReference; lastKnownFileType = text.plist.xml; path = Info.plist; sourceTree = "<group>"; };
		1C62E18327CF444000F8CEC4 /* GogolooktestTests.xctest */ = {isa = PBXFileReference; explicitFileType = wrapper.cfbundle; includeInIndex = 0; path = GogolooktestTests.xctest; sourceTree = BUILT_PRODUCTS_DIR; };
		1C62E18D27CF444000F8CEC4 /* GogolooktestUITests.xctest */ = {isa = PBXFileReference; explicitFileType = wrapper.cfbundle; includeInIndex = 0; path = GogolooktestUITests.xctest; sourceTree = BUILT_PRODUCTS_DIR; };
		1C62E19127CF444000F8CEC4 /* GogolooktestUITests.swift */ = {isa = PBXFileReference; lastKnownFileType = sourcecode.swift; path = GogolooktestUITests.swift; sourceTree = "<group>"; };
		1C62E19327CF444000F8CEC4 /* GogolooktestUITestsLaunchTests.swift */ = {isa = PBXFileReference; lastKnownFileType = sourcecode.swift; path = GogolooktestUITestsLaunchTests.swift; sourceTree = "<group>"; };
		1CB3BBEB27D0A7B000B3F529 /* MainViewModel.swift */ = {isa = PBXFileReference; lastKnownFileType = sourcecode.swift; path = MainViewModel.swift; sourceTree = "<group>"; };
		1CFC15ED27CF50C2000B0CE0 /* GGLService.swift */ = {isa = PBXFileReference; lastKnownFileType = sourcecode.swift; path = GGLService.swift; sourceTree = "<group>"; };
		1CFC15F027CF5233000B0CE0 /* GGLAnimeService.swift */ = {isa = PBXFileReference; lastKnownFileType = sourcecode.swift; path = GGLAnimeService.swift; sourceTree = "<group>"; };
		1CFC15F327CF55FD000B0CE0 /* Anime.swift */ = {isa = PBXFileReference; lastKnownFileType = sourcecode.swift; path = Anime.swift; sourceTree = "<group>"; };
		26216E1265FD5798EEEC37C7 /* Pods_Gogolooktest.framework */ = {isa = PBXFileReference; explicitFileType = wrapper.framework; includeInIndex = 0; path = Pods_Gogolooktest.framework; sourceTree = BUILT_PRODUCTS_DIR; };
		579CA6F8A92CA8731EBA62D4 /* Pods-Gogolooktest-GogolooktestUITests.release.xcconfig */ = {isa = PBXFileReference; includeInIndex = 1; lastKnownFileType = text.xcconfig; name = "Pods-Gogolooktest-GogolooktestUITests.release.xcconfig"; path = "Target Support Files/Pods-Gogolooktest-GogolooktestUITests/Pods-Gogolooktest-GogolooktestUITests.release.xcconfig"; sourceTree = "<group>"; };
		7836C3B10CD0D02AB41A6C7B /* Pods-Gogolooktest-GogolooktestUITests.debug.xcconfig */ = {isa = PBXFileReference; includeInIndex = 1; lastKnownFileType = text.xcconfig; name = "Pods-Gogolooktest-GogolooktestUITests.debug.xcconfig"; path = "Target Support Files/Pods-Gogolooktest-GogolooktestUITests/Pods-Gogolooktest-GogolooktestUITests.debug.xcconfig"; sourceTree = "<group>"; };
		8428AC70D7FF2E2CD4DA20C6 /* Pods-Gogolooktest.release.xcconfig */ = {isa = PBXFileReference; includeInIndex = 1; lastKnownFileType = text.xcconfig; name = "Pods-Gogolooktest.release.xcconfig"; path = "Target Support Files/Pods-Gogolooktest/Pods-Gogolooktest.release.xcconfig"; sourceTree = "<group>"; };
		9CC4275F8FFDACA89CD9E16A /* Pods-GogolooktestTests.debug.xcconfig */ = {isa = PBXFileReference; includeInIndex = 1; lastKnownFileType = text.xcconfig; name = "Pods-GogolooktestTests.debug.xcconfig"; path = "Target Support Files/Pods-GogolooktestTests/Pods-GogolooktestTests.debug.xcconfig"; sourceTree = "<group>"; };
		C31467256FB828BC7FA4612B /* Pods_Gogolooktest_GogolooktestUITests.framework */ = {isa = PBXFileReference; explicitFileType = wrapper.framework; includeInIndex = 0; path = Pods_Gogolooktest_GogolooktestUITests.framework; sourceTree = BUILT_PRODUCTS_DIR; };
		ED5DC5660FAFDA9912332C1F /* Pods-GogolooktestTests.release.xcconfig */ = {isa = PBXFileReference; includeInIndex = 1; lastKnownFileType = text.xcconfig; name = "Pods-GogolooktestTests.release.xcconfig"; path = "Target Support Files/Pods-GogolooktestTests/Pods-GogolooktestTests.release.xcconfig"; sourceTree = "<group>"; };
		EEB35DC45BB7534E35174509 /* Pods_GogolooktestTests.framework */ = {isa = PBXFileReference; explicitFileType = wrapper.framework; includeInIndex = 0; path = Pods_GogolooktestTests.framework; sourceTree = BUILT_PRODUCTS_DIR; };
		FADC7A63CB3F1B6F7E656E5F /* Pods-Gogolooktest.debug.xcconfig */ = {isa = PBXFileReference; includeInIndex = 1; lastKnownFileType = text.xcconfig; name = "Pods-Gogolooktest.debug.xcconfig"; path = "Target Support Files/Pods-Gogolooktest/Pods-Gogolooktest.debug.xcconfig"; sourceTree = "<group>"; };
/* End PBXFileReference section */

/* Begin PBXFrameworksBuildPhase section */
		1C62E16A27CF443F00F8CEC4 /* Frameworks */ = {
			isa = PBXFrameworksBuildPhase;
			buildActionMask = 2147483647;
			files = (
				C7650010AC6AEAB7F8034561 /* Pods_Gogolooktest.framework in Frameworks */,
			);
			runOnlyForDeploymentPostprocessing = 0;
		};
		1C62E18027CF444000F8CEC4 /* Frameworks */ = {
			isa = PBXFrameworksBuildPhase;
			buildActionMask = 2147483647;
			files = (
				53871DCEC471DBC0B01D5B3A /* Pods_GogolooktestTests.framework in Frameworks */,
			);
			runOnlyForDeploymentPostprocessing = 0;
		};
		1C62E18A27CF444000F8CEC4 /* Frameworks */ = {
			isa = PBXFrameworksBuildPhase;
			buildActionMask = 2147483647;
			files = (
				B09D2E2067230403942C1E47 /* Pods_Gogolooktest_GogolooktestUITests.framework in Frameworks */,
			);
			runOnlyForDeploymentPostprocessing = 0;
		};
/* End PBXFrameworksBuildPhase section */

/* Begin PBXGroup section */
		1C566A5F27D09E19004D4E22 /* Main */ = {
			isa = PBXGroup;
			children = (
				1C62E17627CF443F00F8CEC4 /* Main.storyboard */,
				1C62E17427CF443F00F8CEC4 /* MainViewController.swift */,
			);
			path = Main;
			sourceTree = "<group>";
		};
		1C62E16427CF443F00F8CEC4 = {
			isa = PBXGroup;
			children = (
				1C62E16F27CF443F00F8CEC4 /* Gogolooktest */,
				1C62E18627CF444000F8CEC4 /* GogolooktestTests */,
				1C62E19027CF444000F8CEC4 /* GogolooktestUITests */,
				1C62E16E27CF443F00F8CEC4 /* Products */,
				B5C37798EC82D5493ECC25F5 /* Pods */,
				1F94850C855B949DFE9E4D04 /* Frameworks */,
			);
			sourceTree = "<group>";
		};
		1C62E16E27CF443F00F8CEC4 /* Products */ = {
			isa = PBXGroup;
			children = (
				1C62E16D27CF443F00F8CEC4 /* Gogolooktest.app */,
				1C62E18327CF444000F8CEC4 /* GogolooktestTests.xctest */,
				1C62E18D27CF444000F8CEC4 /* GogolooktestUITests.xctest */,
			);
			name = Products;
			sourceTree = "<group>";
		};
		1C62E16F27CF443F00F8CEC4 /* Gogolooktest */ = {
			isa = PBXGroup;
			children = (
				1C62E17027CF443F00F8CEC4 /* AppDelegate.swift */,
				1C62E17227CF443F00F8CEC4 /* SceneDelegate.swift */,
				1C62E17927CF444000F8CEC4 /* Assets.xcassets */,
				1C62E17B27CF444000F8CEC4 /* LaunchScreen.storyboard */,
				1C62E17E27CF444000F8CEC4 /* Info.plist */,
				1C62E1A027CF44A600F8CEC4 /* Model */,
				1C62E1A127CF44AB00F8CEC4 /* View */,
				1C62E1A227CF44B200F8CEC4 /* ViewModel */,
				1C62E1A327CF44B900F8CEC4 /* Service */,
				1C62E1A427CF44BE00F8CEC4 /* Extension */,
			);
			path = Gogolooktest;
			sourceTree = "<group>";
		};
		1C62E18627CF444000F8CEC4 /* GogolooktestTests */ = {
			isa = PBXGroup;
			children = (
				1C566A5C27CF6F51004D4E22 /* GGLServiceTest.swift */,
			);
			path = GogolooktestTests;
			sourceTree = "<group>";
		};
		1C62E19027CF444000F8CEC4 /* GogolooktestUITests */ = {
			isa = PBXGroup;
			children = (
				1C62E19127CF444000F8CEC4 /* GogolooktestUITests.swift */,
				1C62E19327CF444000F8CEC4 /* GogolooktestUITestsLaunchTests.swift */,
			);
			path = GogolooktestUITests;
			sourceTree = "<group>";
		};
		1C62E1A027CF44A600F8CEC4 /* Model */ = {
			isa = PBXGroup;
			children = (
				1CFC15F327CF55FD000B0CE0 /* Anime.swift */,
				1C566A4D27CF68FE004D4E22 /* Manga.swift */,
			);
			path = Model;
			sourceTree = "<group>";
		};
		1C62E1A127CF44AB00F8CEC4 /* View */ = {
			isa = PBXGroup;
			children = (
				1C566A5F27D09E19004D4E22 /* Main */,
			);
			path = View;
			sourceTree = "<group>";
		};
		1C62E1A227CF44B200F8CEC4 /* ViewModel */ = {
			isa = PBXGroup;
			children = (
				1CB3BBED27D0A7B900B3F529 /* Main */,
			);
			path = ViewModel;
			sourceTree = "<group>";
		};
		1C62E1A327CF44B900F8CEC4 /* Service */ = {
			isa = PBXGroup;
			children = (
				1CFC15ED27CF50C2000B0CE0 /* GGLService.swift */,
				1CFC15F027CF5233000B0CE0 /* GGLAnimeService.swift */,
				1C566A5027CF697E004D4E22 /* GGLMangaService.swift */,
			);
			path = Service;
			sourceTree = "<group>";
		};
		1C62E1A427CF44BE00F8CEC4 /* Extension */ = {
			isa = PBXGroup;
			children = (
			);
			path = Extension;
			sourceTree = "<group>";
		};
		1CB3BBED27D0A7B900B3F529 /* Main */ = {
			isa = PBXGroup;
			children = (
				1CB3BBEB27D0A7B000B3F529 /* MainViewModel.swift */,
			);
			path = Main;
			sourceTree = "<group>";
		};
		1F94850C855B949DFE9E4D04 /* Frameworks */ = {
			isa = PBXGroup;
			children = (
				26216E1265FD5798EEEC37C7 /* Pods_Gogolooktest.framework */,
				C31467256FB828BC7FA4612B /* Pods_Gogolooktest_GogolooktestUITests.framework */,
				EEB35DC45BB7534E35174509 /* Pods_GogolooktestTests.framework */,
			);
			name = Frameworks;
			sourceTree = "<group>";
		};
		B5C37798EC82D5493ECC25F5 /* Pods */ = {
			isa = PBXGroup;
			children = (
				FADC7A63CB3F1B6F7E656E5F /* Pods-Gogolooktest.debug.xcconfig */,
				8428AC70D7FF2E2CD4DA20C6 /* Pods-Gogolooktest.release.xcconfig */,
				7836C3B10CD0D02AB41A6C7B /* Pods-Gogolooktest-GogolooktestUITests.debug.xcconfig */,
				579CA6F8A92CA8731EBA62D4 /* Pods-Gogolooktest-GogolooktestUITests.release.xcconfig */,
				9CC4275F8FFDACA89CD9E16A /* Pods-GogolooktestTests.debug.xcconfig */,
				ED5DC5660FAFDA9912332C1F /* Pods-GogolooktestTests.release.xcconfig */,
			);
			path = Pods;
			sourceTree = "<group>";
		};
/* End PBXGroup section */

/* Begin PBXNativeTarget section */
		1C62E16C27CF443F00F8CEC4 /* Gogolooktest */ = {
			isa = PBXNativeTarget;
			buildConfigurationList = 1C62E19727CF444000F8CEC4 /* Build configuration list for PBXNativeTarget "Gogolooktest" */;
			buildPhases = (
				CF582CABC0D45724BA51377E /* [CP] Check Pods Manifest.lock */,
				1C62E16927CF443F00F8CEC4 /* Sources */,
				1C62E16A27CF443F00F8CEC4 /* Frameworks */,
				1C62E16B27CF443F00F8CEC4 /* Resources */,
				8C746AC455E0DBDBBC78DC23 /* [CP] Embed Pods Frameworks */,
			);
			buildRules = (
			);
			dependencies = (
			);
			name = Gogolooktest;
			productName = Gogolooktest;
			productReference = 1C62E16D27CF443F00F8CEC4 /* Gogolooktest.app */;
			productType = "com.apple.product-type.application";
		};
		1C62E18227CF444000F8CEC4 /* GogolooktestTests */ = {
			isa = PBXNativeTarget;
			buildConfigurationList = 1C62E19A27CF444000F8CEC4 /* Build configuration list for PBXNativeTarget "GogolooktestTests" */;
			buildPhases = (
				AB7C7D9378D693BA1DE3EE1D /* [CP] Check Pods Manifest.lock */,
				1C62E17F27CF444000F8CEC4 /* Sources */,
				1C62E18027CF444000F8CEC4 /* Frameworks */,
				1C62E18127CF444000F8CEC4 /* Resources */,
			);
			buildRules = (
			);
			dependencies = (
				1C62E18527CF444000F8CEC4 /* PBXTargetDependency */,
			);
			name = GogolooktestTests;
			productName = GogolooktestTests;
			productReference = 1C62E18327CF444000F8CEC4 /* GogolooktestTests.xctest */;
			productType = "com.apple.product-type.bundle.unit-test";
		};
		1C62E18C27CF444000F8CEC4 /* GogolooktestUITests */ = {
			isa = PBXNativeTarget;
			buildConfigurationList = 1C62E19D27CF444000F8CEC4 /* Build configuration list for PBXNativeTarget "GogolooktestUITests" */;
			buildPhases = (
				82E61DACC6668A2CADCA3238 /* [CP] Check Pods Manifest.lock */,
				1C62E18927CF444000F8CEC4 /* Sources */,
				1C62E18A27CF444000F8CEC4 /* Frameworks */,
				1C62E18B27CF444000F8CEC4 /* Resources */,
				F8EE8AA49F5B57742A099215 /* [CP] Embed Pods Frameworks */,
			);
			buildRules = (
			);
			dependencies = (
				1C62E18F27CF444000F8CEC4 /* PBXTargetDependency */,
			);
			name = GogolooktestUITests;
			productName = GogolooktestUITests;
			productReference = 1C62E18D27CF444000F8CEC4 /* GogolooktestUITests.xctest */;
			productType = "com.apple.product-type.bundle.ui-testing";
		};
/* End PBXNativeTarget section */

/* Begin PBXProject section */
		1C62E16527CF443F00F8CEC4 /* Project object */ = {
			isa = PBXProject;
			attributes = {
				BuildIndependentTargetsInParallel = 1;
				LastSwiftUpdateCheck = 1320;
				LastUpgradeCheck = 1320;
				TargetAttributes = {
					1C62E16C27CF443F00F8CEC4 = {
						CreatedOnToolsVersion = 13.2.1;
					};
					1C62E18227CF444000F8CEC4 = {
						CreatedOnToolsVersion = 13.2.1;
						TestTargetID = 1C62E16C27CF443F00F8CEC4;
					};
					1C62E18C27CF444000F8CEC4 = {
						CreatedOnToolsVersion = 13.2.1;
						TestTargetID = 1C62E16C27CF443F00F8CEC4;
					};
				};
			};
			buildConfigurationList = 1C62E16827CF443F00F8CEC4 /* Build configuration list for PBXProject "Gogolooktest" */;
			compatibilityVersion = "Xcode 13.0";
			developmentRegion = en;
			hasScannedForEncodings = 0;
			knownRegions = (
				en,
				Base,
			);
			mainGroup = 1C62E16427CF443F00F8CEC4;
			productRefGroup = 1C62E16E27CF443F00F8CEC4 /* Products */;
			projectDirPath = "";
			projectRoot = "";
			targets = (
				1C62E16C27CF443F00F8CEC4 /* Gogolooktest */,
				1C62E18227CF444000F8CEC4 /* GogolooktestTests */,
				1C62E18C27CF444000F8CEC4 /* GogolooktestUITests */,
			);
		};
/* End PBXProject section */

/* Begin PBXResourcesBuildPhase section */
		1C62E16B27CF443F00F8CEC4 /* Resources */ = {
			isa = PBXResourcesBuildPhase;
			buildActionMask = 2147483647;
			files = (
				1C62E17D27CF444000F8CEC4 /* LaunchScreen.storyboard in Resources */,
				1C62E17A27CF444000F8CEC4 /* Assets.xcassets in Resources */,
				1C62E17827CF443F00F8CEC4 /* Main.storyboard in Resources */,
			);
			runOnlyForDeploymentPostprocessing = 0;
		};
		1C62E18127CF444000F8CEC4 /* Resources */ = {
			isa = PBXResourcesBuildPhase;
			buildActionMask = 2147483647;
			files = (
			);
			runOnlyForDeploymentPostprocessing = 0;
		};
		1C62E18B27CF444000F8CEC4 /* Resources */ = {
			isa = PBXResourcesBuildPhase;
			buildActionMask = 2147483647;
			files = (
			);
			runOnlyForDeploymentPostprocessing = 0;
		};
/* End PBXResourcesBuildPhase section */

/* Begin PBXShellScriptBuildPhase section */
		82E61DACC6668A2CADCA3238 /* [CP] Check Pods Manifest.lock */ = {
			isa = PBXShellScriptBuildPhase;
			buildActionMask = 2147483647;
			files = (
			);
			inputFileListPaths = (
			);
			inputPaths = (
				"${PODS_PODFILE_DIR_PATH}/Podfile.lock",
				"${PODS_ROOT}/Manifest.lock",
			);
			name = "[CP] Check Pods Manifest.lock";
			outputFileListPaths = (
			);
			outputPaths = (
				"$(DERIVED_FILE_DIR)/Pods-Gogolooktest-GogolooktestUITests-checkManifestLockResult.txt",
			);
			runOnlyForDeploymentPostprocessing = 0;
			shellPath = /bin/sh;
			shellScript = "diff \"${PODS_PODFILE_DIR_PATH}/Podfile.lock\" \"${PODS_ROOT}/Manifest.lock\" > /dev/null\nif [ $? != 0 ] ; then\n    # print error to STDERR\n    echo \"error: The sandbox is not in sync with the Podfile.lock. Run 'pod install' or update your CocoaPods installation.\" >&2\n    exit 1\nfi\n# This output is used by Xcode 'outputs' to avoid re-running this script phase.\necho \"SUCCESS\" > \"${SCRIPT_OUTPUT_FILE_0}\"\n";
			showEnvVarsInLog = 0;
		};
		8C746AC455E0DBDBBC78DC23 /* [CP] Embed Pods Frameworks */ = {
			isa = PBXShellScriptBuildPhase;
			buildActionMask = 2147483647;
			files = (
			);
			inputFileListPaths = (
				"${PODS_ROOT}/Target Support Files/Pods-Gogolooktest/Pods-Gogolooktest-frameworks-${CONFIGURATION}-input-files.xcfilelist",
			);
			name = "[CP] Embed Pods Frameworks";
			outputFileListPaths = (
				"${PODS_ROOT}/Target Support Files/Pods-Gogolooktest/Pods-Gogolooktest-frameworks-${CONFIGURATION}-output-files.xcfilelist",
			);
			runOnlyForDeploymentPostprocessing = 0;
			shellPath = /bin/sh;
			shellScript = "\"${PODS_ROOT}/Target Support Files/Pods-Gogolooktest/Pods-Gogolooktest-frameworks.sh\"\n";
			showEnvVarsInLog = 0;
		};
		AB7C7D9378D693BA1DE3EE1D /* [CP] Check Pods Manifest.lock */ = {
			isa = PBXShellScriptBuildPhase;
			buildActionMask = 2147483647;
			files = (
			);
			inputFileListPaths = (
			);
			inputPaths = (
				"${PODS_PODFILE_DIR_PATH}/Podfile.lock",
				"${PODS_ROOT}/Manifest.lock",
			);
			name = "[CP] Check Pods Manifest.lock";
			outputFileListPaths = (
			);
			outputPaths = (
				"$(DERIVED_FILE_DIR)/Pods-GogolooktestTests-checkManifestLockResult.txt",
			);
			runOnlyForDeploymentPostprocessing = 0;
			shellPath = /bin/sh;
			shellScript = "diff \"${PODS_PODFILE_DIR_PATH}/Podfile.lock\" \"${PODS_ROOT}/Manifest.lock\" > /dev/null\nif [ $? != 0 ] ; then\n    # print error to STDERR\n    echo \"error: The sandbox is not in sync with the Podfile.lock. Run 'pod install' or update your CocoaPods installation.\" >&2\n    exit 1\nfi\n# This output is used by Xcode 'outputs' to avoid re-running this script phase.\necho \"SUCCESS\" > \"${SCRIPT_OUTPUT_FILE_0}\"\n";
			showEnvVarsInLog = 0;
		};
		CF582CABC0D45724BA51377E /* [CP] Check Pods Manifest.lock */ = {
			isa = PBXShellScriptBuildPhase;
			buildActionMask = 2147483647;
			files = (
			);
			inputFileListPaths = (
			);
			inputPaths = (
				"${PODS_PODFILE_DIR_PATH}/Podfile.lock",
				"${PODS_ROOT}/Manifest.lock",
			);
			name = "[CP] Check Pods Manifest.lock";
			outputFileListPaths = (
			);
			outputPaths = (
				"$(DERIVED_FILE_DIR)/Pods-Gogolooktest-checkManifestLockResult.txt",
			);
			runOnlyForDeploymentPostprocessing = 0;
			shellPath = /bin/sh;
			shellScript = "diff \"${PODS_PODFILE_DIR_PATH}/Podfile.lock\" \"${PODS_ROOT}/Manifest.lock\" > /dev/null\nif [ $? != 0 ] ; then\n    # print error to STDERR\n    echo \"error: The sandbox is not in sync with the Podfile.lock. Run 'pod install' or update your CocoaPods installation.\" >&2\n    exit 1\nfi\n# This output is used by Xcode 'outputs' to avoid re-running this script phase.\necho \"SUCCESS\" > \"${SCRIPT_OUTPUT_FILE_0}\"\n";
			showEnvVarsInLog = 0;
		};
		F8EE8AA49F5B57742A099215 /* [CP] Embed Pods Frameworks */ = {
			isa = PBXShellScriptBuildPhase;
			buildActionMask = 2147483647;
			files = (
			);
			inputFileListPaths = (
				"${PODS_ROOT}/Target Support Files/Pods-Gogolooktest-GogolooktestUITests/Pods-Gogolooktest-GogolooktestUITests-frameworks-${CONFIGURATION}-input-files.xcfilelist",
			);
			name = "[CP] Embed Pods Frameworks";
			outputFileListPaths = (
				"${PODS_ROOT}/Target Support Files/Pods-Gogolooktest-GogolooktestUITests/Pods-Gogolooktest-GogolooktestUITests-frameworks-${CONFIGURATION}-output-files.xcfilelist",
			);
			runOnlyForDeploymentPostprocessing = 0;
			shellPath = /bin/sh;
			shellScript = "\"${PODS_ROOT}/Target Support Files/Pods-Gogolooktest-GogolooktestUITests/Pods-Gogolooktest-GogolooktestUITests-frameworks.sh\"\n";
			showEnvVarsInLog = 0;
		};
/* End PBXShellScriptBuildPhase section */

/* Begin PBXSourcesBuildPhase section */
		1C62E16927CF443F00F8CEC4 /* Sources */ = {
			isa = PBXSourcesBuildPhase;
			buildActionMask = 2147483647;
			files = (
				1CFC15F427CF55FD000B0CE0 /* Anime.swift in Sources */,
				1C62E17527CF443F00F8CEC4 /* MainViewController.swift in Sources */,
				1CFC15F127CF5233000B0CE0 /* GGLAnimeService.swift in Sources */,
				1C62E17127CF443F00F8CEC4 /* AppDelegate.swift in Sources */,
				1CFC15EE27CF50C2000B0CE0 /* GGLService.swift in Sources */,
				1C566A4E27CF68FE004D4E22 /* Manga.swift in Sources */,
				1C62E17327CF443F00F8CEC4 /* SceneDelegate.swift in Sources */,
				1C566A5127CF697E004D4E22 /* GGLMangaService.swift in Sources */,
				1CB3BBEC27D0A7B000B3F529 /* MainViewModel.swift in Sources */,
			);
			runOnlyForDeploymentPostprocessing = 0;
		};
		1C62E17F27CF444000F8CEC4 /* Sources */ = {
			isa = PBXSourcesBuildPhase;
			buildActionMask = 2147483647;
			files = (
				1CFC15F527CF55FD000B0CE0 /* Anime.swift in Sources */,
				1C566A5D27CF6F51004D4E22 /* GGLServiceTest.swift in Sources */,
				1CFC15EF27CF50C2000B0CE0 /* GGLService.swift in Sources */,
				1C566A4F27CF68FE004D4E22 /* Manga.swift in Sources */,
				1C566A5227CF697E004D4E22 /* GGLMangaService.swift in Sources */,
				1CFC15F227CF5233000B0CE0 /* GGLAnimeService.swift in Sources */,
			);
			runOnlyForDeploymentPostprocessing = 0;
		};
		1C62E18927CF444000F8CEC4 /* Sources */ = {
			isa = PBXSourcesBuildPhase;
			buildActionMask = 2147483647;
			files = (
				1C62E19227CF444000F8CEC4 /* GogolooktestUITests.swift in Sources */,
				1C62E19427CF444000F8CEC4 /* GogolooktestUITestsLaunchTests.swift in Sources */,
			);
			runOnlyForDeploymentPostprocessing = 0;
		};
/* End PBXSourcesBuildPhase section */

/* Begin PBXTargetDependency section */
		1C62E18527CF444000F8CEC4 /* PBXTargetDependency */ = {
			isa = PBXTargetDependency;
			target = 1C62E16C27CF443F00F8CEC4 /* Gogolooktest */;
			targetProxy = 1C62E18427CF444000F8CEC4 /* PBXContainerItemProxy */;
		};
		1C62E18F27CF444000F8CEC4 /* PBXTargetDependency */ = {
			isa = PBXTargetDependency;
			target = 1C62E16C27CF443F00F8CEC4 /* Gogolooktest */;
			targetProxy = 1C62E18E27CF444000F8CEC4 /* PBXContainerItemProxy */;
		};
/* End PBXTargetDependency section */

/* Begin PBXVariantGroup section */
		1C62E17627CF443F00F8CEC4 /* Main.storyboard */ = {
			isa = PBXVariantGroup;
			children = (
				1C62E17727CF443F00F8CEC4 /* Base */,
			);
			name = Main.storyboard;
			sourceTree = "<group>";
		};
		1C62E17B27CF444000F8CEC4 /* LaunchScreen.storyboard */ = {
			isa = PBXVariantGroup;
			children = (
				1C62E17C27CF444000F8CEC4 /* Base */,
			);
			name = LaunchScreen.storyboard;
			sourceTree = "<group>";
		};
/* End PBXVariantGroup section */

/* Begin XCBuildConfiguration section */
		1C62E19527CF444000F8CEC4 /* Debug */ = {
			isa = XCBuildConfiguration;
			buildSettings = {
				ALWAYS_SEARCH_USER_PATHS = NO;
				CLANG_ANALYZER_NONNULL = YES;
				CLANG_ANALYZER_NUMBER_OBJECT_CONVERSION = YES_AGGRESSIVE;
				CLANG_CXX_LANGUAGE_STANDARD = "gnu++17";
				CLANG_CXX_LIBRARY = "libc++";
				CLANG_ENABLE_MODULES = YES;
				CLANG_ENABLE_OBJC_ARC = YES;
				CLANG_ENABLE_OBJC_WEAK = YES;
				CLANG_WARN_BLOCK_CAPTURE_AUTORELEASING = YES;
				CLANG_WARN_BOOL_CONVERSION = YES;
				CLANG_WARN_COMMA = YES;
				CLANG_WARN_CONSTANT_CONVERSION = YES;
				CLANG_WARN_DEPRECATED_OBJC_IMPLEMENTATIONS = YES;
				CLANG_WARN_DIRECT_OBJC_ISA_USAGE = YES_ERROR;
				CLANG_WARN_DOCUMENTATION_COMMENTS = YES;
				CLANG_WARN_EMPTY_BODY = YES;
				CLANG_WARN_ENUM_CONVERSION = YES;
				CLANG_WARN_INFINITE_RECURSION = YES;
				CLANG_WARN_INT_CONVERSION = YES;
				CLANG_WARN_NON_LITERAL_NULL_CONVERSION = YES;
				CLANG_WARN_OBJC_IMPLICIT_RETAIN_SELF = YES;
				CLANG_WARN_OBJC_LITERAL_CONVERSION = YES;
				CLANG_WARN_OBJC_ROOT_CLASS = YES_ERROR;
				CLANG_WARN_QUOTED_INCLUDE_IN_FRAMEWORK_HEADER = YES;
				CLANG_WARN_RANGE_LOOP_ANALYSIS = YES;
				CLANG_WARN_STRICT_PROTOTYPES = YES;
				CLANG_WARN_SUSPICIOUS_MOVE = YES;
				CLANG_WARN_UNGUARDED_AVAILABILITY = YES_AGGRESSIVE;
				CLANG_WARN_UNREACHABLE_CODE = YES;
				CLANG_WARN__DUPLICATE_METHOD_MATCH = YES;
				COPY_PHASE_STRIP = NO;
				DEBUG_INFORMATION_FORMAT = dwarf;
				ENABLE_STRICT_OBJC_MSGSEND = YES;
				ENABLE_TESTABILITY = YES;
				GCC_C_LANGUAGE_STANDARD = gnu11;
				GCC_DYNAMIC_NO_PIC = NO;
				GCC_NO_COMMON_BLOCKS = YES;
				GCC_OPTIMIZATION_LEVEL = 0;
				GCC_PREPROCESSOR_DEFINITIONS = (
					"DEBUG=1",
					"$(inherited)",
				);
				GCC_WARN_64_TO_32_BIT_CONVERSION = YES;
				GCC_WARN_ABOUT_RETURN_TYPE = YES_ERROR;
				GCC_WARN_UNDECLARED_SELECTOR = YES;
				GCC_WARN_UNINITIALIZED_AUTOS = YES_AGGRESSIVE;
				GCC_WARN_UNUSED_FUNCTION = YES;
				GCC_WARN_UNUSED_VARIABLE = YES;
				INFOPLIST_KEY_UIUserInterfaceStyle = Light;
				IPHONEOS_DEPLOYMENT_TARGET = 15.2;
				MTL_ENABLE_DEBUG_INFO = INCLUDE_SOURCE;
				MTL_FAST_MATH = YES;
				ONLY_ACTIVE_ARCH = YES;
				SDKROOT = iphoneos;
				SWIFT_ACTIVE_COMPILATION_CONDITIONS = DEBUG;
				SWIFT_OPTIMIZATION_LEVEL = "-Onone";
			};
			name = Debug;
		};
		1C62E19627CF444000F8CEC4 /* Release */ = {
			isa = XCBuildConfiguration;
			buildSettings = {
				ALWAYS_SEARCH_USER_PATHS = NO;
				CLANG_ANALYZER_NONNULL = YES;
				CLANG_ANALYZER_NUMBER_OBJECT_CONVERSION = YES_AGGRESSIVE;
				CLANG_CXX_LANGUAGE_STANDARD = "gnu++17";
				CLANG_CXX_LIBRARY = "libc++";
				CLANG_ENABLE_MODULES = YES;
				CLANG_ENABLE_OBJC_ARC = YES;
				CLANG_ENABLE_OBJC_WEAK = YES;
				CLANG_WARN_BLOCK_CAPTURE_AUTORELEASING = YES;
				CLANG_WARN_BOOL_CONVERSION = YES;
				CLANG_WARN_COMMA = YES;
				CLANG_WARN_CONSTANT_CONVERSION = YES;
				CLANG_WARN_DEPRECATED_OBJC_IMPLEMENTATIONS = YES;
				CLANG_WARN_DIRECT_OBJC_ISA_USAGE = YES_ERROR;
				CLANG_WARN_DOCUMENTATION_COMMENTS = YES;
				CLANG_WARN_EMPTY_BODY = YES;
				CLANG_WARN_ENUM_CONVERSION = YES;
				CLANG_WARN_INFINITE_RECURSION = YES;
				CLANG_WARN_INT_CONVERSION = YES;
				CLANG_WARN_NON_LITERAL_NULL_CONVERSION = YES;
				CLANG_WARN_OBJC_IMPLICIT_RETAIN_SELF = YES;
				CLANG_WARN_OBJC_LITERAL_CONVERSION = YES;
				CLANG_WARN_OBJC_ROOT_CLASS = YES_ERROR;
				CLANG_WARN_QUOTED_INCLUDE_IN_FRAMEWORK_HEADER = YES;
				CLANG_WARN_RANGE_LOOP_ANALYSIS = YES;
				CLANG_WARN_STRICT_PROTOTYPES = YES;
				CLANG_WARN_SUSPICIOUS_MOVE = YES;
				CLANG_WARN_UNGUARDED_AVAILABILITY = YES_AGGRESSIVE;
				CLANG_WARN_UNREACHABLE_CODE = YES;
				CLANG_WARN__DUPLICATE_METHOD_MATCH = YES;
				COPY_PHASE_STRIP = NO;
				DEBUG_INFORMATION_FORMAT = "dwarf-with-dsym";
				ENABLE_NS_ASSERTIONS = NO;
				ENABLE_STRICT_OBJC_MSGSEND = YES;
				GCC_C_LANGUAGE_STANDARD = gnu11;
				GCC_NO_COMMON_BLOCKS = YES;
				GCC_WARN_64_TO_32_BIT_CONVERSION = YES;
				GCC_WARN_ABOUT_RETURN_TYPE = YES_ERROR;
				GCC_WARN_UNDECLARED_SELECTOR = YES;
				GCC_WARN_UNINITIALIZED_AUTOS = YES_AGGRESSIVE;
				GCC_WARN_UNUSED_FUNCTION = YES;
				GCC_WARN_UNUSED_VARIABLE = YES;
				INFOPLIST_KEY_UIUserInterfaceStyle = Light;
				IPHONEOS_DEPLOYMENT_TARGET = 15.2;
				MTL_ENABLE_DEBUG_INFO = NO;
				MTL_FAST_MATH = YES;
				SDKROOT = iphoneos;
				SWIFT_COMPILATION_MODE = wholemodule;
				SWIFT_OPTIMIZATION_LEVEL = "-O";
				VALIDATE_PRODUCT = YES;
			};
			name = Release;
		};
		1C62E19827CF444000F8CEC4 /* Debug */ = {
			isa = XCBuildConfiguration;
			baseConfigurationReference = FADC7A63CB3F1B6F7E656E5F /* Pods-Gogolooktest.debug.xcconfig */;
			buildSettings = {
				ASSETCATALOG_COMPILER_APPICON_NAME = AppIcon;
				ASSETCATALOG_COMPILER_GLOBAL_ACCENT_COLOR_NAME = AccentColor;
				CODE_SIGN_STYLE = Automatic;
				CURRENT_PROJECT_VERSION = 1;
				DEVELOPMENT_TEAM = 95VHZ5F7WP;
				GENERATE_INFOPLIST_FILE = YES;
				INFOPLIST_FILE = Gogolooktest/Info.plist;
				INFOPLIST_KEY_UIApplicationSupportsIndirectInputEvents = YES;
				INFOPLIST_KEY_UILaunchStoryboardName = LaunchScreen;
				INFOPLIST_KEY_UIMainStoryboardFile = Main;
				INFOPLIST_KEY_UISupportedInterfaceOrientations = UIInterfaceOrientationPortrait;
				INFOPLIST_KEY_UISupportedInterfaceOrientations_iPad = "UIInterfaceOrientationPortrait UIInterfaceOrientationPortraitUpsideDown UIInterfaceOrientationLandscapeLeft UIInterfaceOrientationLandscapeRight";
				INFOPLIST_KEY_UISupportedInterfaceOrientations_iPhone = "UIInterfaceOrientationPortrait UIInterfaceOrientationLandscapeLeft UIInterfaceOrientationLandscapeRight";
				INFOPLIST_KEY_UIUserInterfaceStyle = Light;
				IPHONEOS_DEPLOYMENT_TARGET = 15.2;
				LD_RUNPATH_SEARCH_PATHS = (
					"$(inherited)",
					"@executable_path/Frameworks",
				);
				MARKETING_VERSION = 1.0;
				PRODUCT_BUNDLE_IDENTIFIER = com.jason.Gogolooktest;
				PRODUCT_NAME = "$(TARGET_NAME)";
				SWIFT_EMIT_LOC_STRINGS = YES;
				SWIFT_VERSION = 5.0;
				TARGETED_DEVICE_FAMILY = "1,2";
			};
			name = Debug;
		};
		1C62E19927CF444000F8CEC4 /* Release */ = {
			isa = XCBuildConfiguration;
			baseConfigurationReference = 8428AC70D7FF2E2CD4DA20C6 /* Pods-Gogolooktest.release.xcconfig */;
			buildSettings = {
				ASSETCATALOG_COMPILER_APPICON_NAME = AppIcon;
				ASSETCATALOG_COMPILER_GLOBAL_ACCENT_COLOR_NAME = AccentColor;
				CODE_SIGN_STYLE = Automatic;
				CURRENT_PROJECT_VERSION = 1;
				DEVELOPMENT_TEAM = 95VHZ5F7WP;
				GENERATE_INFOPLIST_FILE = YES;
				INFOPLIST_FILE = Gogolooktest/Info.plist;
				INFOPLIST_KEY_UIApplicationSupportsIndirectInputEvents = YES;
				INFOPLIST_KEY_UILaunchStoryboardName = LaunchScreen;
				INFOPLIST_KEY_UIMainStoryboardFile = Main;
				INFOPLIST_KEY_UISupportedInterfaceOrientations = UIInterfaceOrientationPortrait;
				INFOPLIST_KEY_UISupportedInterfaceOrientations_iPad = "UIInterfaceOrientationPortrait UIInterfaceOrientationPortraitUpsideDown UIInterfaceOrientationLandscapeLeft UIInterfaceOrientationLandscapeRight";
				INFOPLIST_KEY_UISupportedInterfaceOrientations_iPhone = "UIInterfaceOrientationPortrait UIInterfaceOrientationLandscapeLeft UIInterfaceOrientationLandscapeRight";
				INFOPLIST_KEY_UIUserInterfaceStyle = Light;
				IPHONEOS_DEPLOYMENT_TARGET = 15.2;
				LD_RUNPATH_SEARCH_PATHS = (
					"$(inherited)",
					"@executable_path/Frameworks",
				);
				MARKETING_VERSION = 1.0;
				PRODUCT_BUNDLE_IDENTIFIER = com.jason.Gogolooktest;
				PRODUCT_NAME = "$(TARGET_NAME)";
				SWIFT_EMIT_LOC_STRINGS = YES;
				SWIFT_VERSION = 5.0;
				TARGETED_DEVICE_FAMILY = "1,2";
			};
			name = Release;
		};
		1C62E19B27CF444000F8CEC4 /* Debug */ = {
			isa = XCBuildConfiguration;
			baseConfigurationReference = 9CC4275F8FFDACA89CD9E16A /* Pods-GogolooktestTests.debug.xcconfig */;
			buildSettings = {
				ALWAYS_EMBED_SWIFT_STANDARD_LIBRARIES = YES;
				BUNDLE_LOADER = "$(TEST_HOST)";
				CODE_SIGN_STYLE = Automatic;
				CURRENT_PROJECT_VERSION = 1;
				DEVELOPMENT_TEAM = 95VHZ5F7WP;
				GENERATE_INFOPLIST_FILE = YES;
				IPHONEOS_DEPLOYMENT_TARGET = 15.2;
				MARKETING_VERSION = 1.0;
				PRODUCT_BUNDLE_IDENTIFIER = com.jason.GogolooktestTests;
				PRODUCT_NAME = "$(TARGET_NAME)";
				SWIFT_EMIT_LOC_STRINGS = NO;
				SWIFT_VERSION = 5.0;
				TARGETED_DEVICE_FAMILY = "1,2";
				TEST_HOST = "$(BUILT_PRODUCTS_DIR)/Gogolooktest.app/Gogolooktest";
			};
			name = Debug;
		};
		1C62E19C27CF444000F8CEC4 /* Release */ = {
			isa = XCBuildConfiguration;
			baseConfigurationReference = ED5DC5660FAFDA9912332C1F /* Pods-GogolooktestTests.release.xcconfig */;
			buildSettings = {
				ALWAYS_EMBED_SWIFT_STANDARD_LIBRARIES = YES;
				BUNDLE_LOADER = "$(TEST_HOST)";
				CODE_SIGN_STYLE = Automatic;
				CURRENT_PROJECT_VERSION = 1;
				DEVELOPMENT_TEAM = 95VHZ5F7WP;
				GENERATE_INFOPLIST_FILE = YES;
				IPHONEOS_DEPLOYMENT_TARGET = 15.2;
				MARKETING_VERSION = 1.0;
				PRODUCT_BUNDLE_IDENTIFIER = com.jason.GogolooktestTests;
				PRODUCT_NAME = "$(TARGET_NAME)";
				SWIFT_EMIT_LOC_STRINGS = NO;
				SWIFT_VERSION = 5.0;
				TARGETED_DEVICE_FAMILY = "1,2";
				TEST_HOST = "$(BUILT_PRODUCTS_DIR)/Gogolooktest.app/Gogolooktest";
			};
			name = Release;
		};
		1C62E19E27CF444000F8CEC4 /* Debug */ = {
			isa = XCBuildConfiguration;
			baseConfigurationReference = 7836C3B10CD0D02AB41A6C7B /* Pods-Gogolooktest-GogolooktestUITests.debug.xcconfig */;
			buildSettings = {
				ALWAYS_EMBED_SWIFT_STANDARD_LIBRARIES = YES;
				CODE_SIGN_STYLE = Automatic;
				CURRENT_PROJECT_VERSION = 1;
				DEVELOPMENT_TEAM = 95VHZ5F7WP;
				GENERATE_INFOPLIST_FILE = YES;
				MARKETING_VERSION = 1.0;
				PRODUCT_BUNDLE_IDENTIFIER = com.jason.GogolooktestUITests;
				PRODUCT_NAME = "$(TARGET_NAME)";
				SWIFT_EMIT_LOC_STRINGS = NO;
				SWIFT_VERSION = 5.0;
				TARGETED_DEVICE_FAMILY = "1,2";
				TEST_TARGET_NAME = Gogolooktest;
			};
			name = Debug;
		};
		1C62E19F27CF444000F8CEC4 /* Release */ = {
			isa = XCBuildConfiguration;
			baseConfigurationReference = 579CA6F8A92CA8731EBA62D4 /* Pods-Gogolooktest-GogolooktestUITests.release.xcconfig */;
			buildSettings = {
				ALWAYS_EMBED_SWIFT_STANDARD_LIBRARIES = YES;
				CODE_SIGN_STYLE = Automatic;
				CURRENT_PROJECT_VERSION = 1;
				DEVELOPMENT_TEAM = 95VHZ5F7WP;
				GENERATE_INFOPLIST_FILE = YES;
				MARKETING_VERSION = 1.0;
				PRODUCT_BUNDLE_IDENTIFIER = com.jason.GogolooktestUITests;
				PRODUCT_NAME = "$(TARGET_NAME)";
				SWIFT_EMIT_LOC_STRINGS = NO;
				SWIFT_VERSION = 5.0;
				TARGETED_DEVICE_FAMILY = "1,2";
				TEST_TARGET_NAME = Gogolooktest;
			};
			name = Release;
		};
/* End XCBuildConfiguration section */

/* Begin XCConfigurationList section */
		1C62E16827CF443F00F8CEC4 /* Build configuration list for PBXProject "Gogolooktest" */ = {
			isa = XCConfigurationList;
			buildConfigurations = (
				1C62E19527CF444000F8CEC4 /* Debug */,
				1C62E19627CF444000F8CEC4 /* Release */,
			);
			defaultConfigurationIsVisible = 0;
			defaultConfigurationName = Release;
		};
		1C62E19727CF444000F8CEC4 /* Build configuration list for PBXNativeTarget "Gogolooktest" */ = {
			isa = XCConfigurationList;
			buildConfigurations = (
				1C62E19827CF444000F8CEC4 /* Debug */,
				1C62E19927CF444000F8CEC4 /* Release */,
			);
			defaultConfigurationIsVisible = 0;
			defaultConfigurationName = Release;
		};
		1C62E19A27CF444000F8CEC4 /* Build configuration list for PBXNativeTarget "GogolooktestTests" */ = {
			isa = XCConfigurationList;
			buildConfigurations = (
				1C62E19B27CF444000F8CEC4 /* Debug */,
				1C62E19C27CF444000F8CEC4 /* Release */,
			);
			defaultConfigurationIsVisible = 0;
			defaultConfigurationName = Release;
		};
		1C62E19D27CF444000F8CEC4 /* Build configuration list for PBXNativeTarget "GogolooktestUITests" */ = {
			isa = XCConfigurationList;
			buildConfigurations = (
				1C62E19E27CF444000F8CEC4 /* Debug */,
				1C62E19F27CF444000F8CEC4 /* Release */,
			);
			defaultConfigurationIsVisible = 0;
			defaultConfigurationName = Release;
		};
/* End XCConfigurationList section */
	};
	rootObject = 1C62E16527CF443F00F8CEC4 /* Project object */;
}
