// !$*UTF8*$!
{
	archiveVersion = 1;
	classes = {
	};
	objectVersion = 55;
	objects = {

/* Begin PBXBuildFile section */
		1C62E17127CF443F00F8CEC4 /* AppDelegate.swift in Sources */ = {isa = PBXBuildFile; fileRef = 1C62E17027CF443F00F8CEC4 /* AppDelegate.swift */; };
		1C62E17327CF443F00F8CEC4 /* SceneDelegate.swift in Sources */ = {isa = PBXBuildFile; fileRef = 1C62E17227CF443F00F8CEC4 /* SceneDelegate.swift */; };
		1C62E17527CF443F00F8CEC4 /* ViewController.swift in Sources */ = {isa = PBXBuildFile; fileRef = 1C62E17427CF443F00F8CEC4 /* ViewController.swift */; };
		1C62E17827CF443F00F8CEC4 /* Main.storyboard in Resources */ = {isa = PBXBuildFile; fileRef = 1C62E17627CF443F00F8CEC4 /* Main.storyboard */; };
		1C62E17A27CF444000F8CEC4 /* Assets.xcassets in Resources */ = {isa = PBXBuildFile; fileRef = 1C62E17927CF444000F8CEC4 /* Assets.xcassets */; };
		1C62E17D27CF444000F8CEC4 /* LaunchScreen.storyboard in Resources */ = {isa = PBXBuildFile; fileRef = 1C62E17B27CF444000F8CEC4 /* LaunchScreen.storyboard */; };
		1C62E18827CF444000F8CEC4 /* GogolooktestTests.swift in Sources */ = {isa = PBXBuildFile; fileRef = 1C62E18727CF444000F8CEC4 /* GogolooktestTests.swift */; };
		1C62E19227CF444000F8CEC4 /* GogolooktestUITests.swift in Sources */ = {isa = PBXBuildFile; fileRef = 1C62E19127CF444000F8CEC4 /* GogolooktestUITests.swift */; };
		1C62E19427CF444000F8CEC4 /* GogolooktestUITestsLaunchTests.swift in Sources */ = {isa = PBXBuildFile; fileRef = 1C62E19327CF444000F8CEC4 /* GogolooktestUITestsLaunchTests.swift */; };
/* End PBXBuildFile section */

/* Begin PBXContainerItemProxy section */
		1C62E18427CF444000F8CEC4 /* PBXContainerItemProxy */ = {
			isa = PBXContainerItemProxy;
			containerPortal = 1C62E16527CF443F00F8CEC4 /* Project object */;
			proxyType = 1;
			remoteGlobalIDString = 1C62E16C27CF443F00F8CEC4;
			remoteInfo = Gogolooktest;
		};
		1C62E18E27CF444000F8CEC4 /* PBXContainerItemProxy */ = {
			isa = PBXContainerItemProxy;
			containerPortal = 1C62E16527CF443F00F8CEC4 /* Project object */;
			proxyType = 1;
			remoteGlobalIDString = 1C62E16C27CF443F00F8CEC4;
			remoteInfo = Gogolooktest;
		};
/* End PBXContainerItemProxy section */

/* Begin PBXFileReference section */
		1C62E16D27CF443F00F8CEC4 /* Gogolooktest.app */ = {isa = PBXFileReference; explicitFileType = wrapper.application; includeInIndex = 0; path = Gogolooktest.app; sourceTree = BUILT_PRODUCTS_DIR; };
		1C62E17027CF443F00F8CEC4 /* AppDelegate.swift */ = {isa = PBXFileReference; lastKnownFileType = sourcecode.swift; path = AppDelegate.swift; sourceTree = "<group>"; };
		1C62E17227CF443F00F8CEC4 /* SceneDelegate.swift */ = {isa = PBXFileReference; lastKnownFileType = sourcecode.swift; path = SceneDelegate.swift; sourceTree = "<group>"; };
		1C62E17427CF443F00F8CEC4 /* ViewController.swift */ = {isa = PBXFileReference; lastKnownFileType = sourcecode.swift; path = ViewController.swift; sourceTree = "<group>"; };
		1C62E17727CF443F00F8CEC4 /* Base */ = {isa = PBXFileReference; lastKnownFileType = file.storyboard; name = Base; path = Base.lproj/Main.storyboard; sourceTree = "<group>"; };
		1C62E17927CF444000F8CEC4 /* Assets.xcassets */ = {isa = PBXFileReference; lastKnownFileType = folder.assetcatalog; path = Assets.xcassets; sourceTree = "<group>"; };
		1C62E17C27CF444000F8CEC4 /* Base */ = {isa = PBXFileReference; lastKnownFileType = file.storyboard; name = Base; path = Base.lproj/LaunchScreen.storyboard; sourceTree = "<group>"; };
		1C62E17E27CF444000F8CEC4 /* Info.plist */ = {isa = PBXFileReference; lastKnownFileType = text.plist.xml; path = Info.plist; sourceTree = "<group>"; };
		1C62E18327CF444000F8CEC4 /* GogolooktestTests.xctest */ = {isa = PBXFileReference; explicitFileType = wrapper.cfbundle; includeInIndex = 0; path = GogolooktestTests.xctest; sourceTree = BUILT_PRODUCTS_DIR; };
		1C62E18727CF444000F8CEC4 /* GogolooktestTests.swift */ = {isa = PBXFileReference; lastKnownFileType = sourcecode.swift; path = GogolooktestTests.swift; sourceTree = "<group>"; };
		1C62E18D27CF444000F8CEC4 /* GogolooktestUITests.xctest */ = {isa = PBXFileReference; explicitFileType = wrapper.cfbundle; includeInIndex = 0; path = GogolooktestUITests.xctest; sourceTree = BUILT_PRODUCTS_DIR; };
		1C62E19127CF444000F8CEC4 /* GogolooktestUITests.swift */ = {isa = PBXFileReference; lastKnownFileType = sourcecode.swift; path = GogolooktestUITests.swift; sourceTree = "<group>"; };
		1C62E19327CF444000F8CEC4 /* GogolooktestUITestsLaunchTests.swift */ = {isa = PBXFileReference; lastKnownFileType = sourcecode.swift; path = GogolooktestUITestsLaunchTests.swift; sourceTree = "<group>"; };
/* End PBXFileReference section */

/* Begin PBXFrameworksBuildPhase section */
		1C62E16A27CF443F00F8CEC4 /* Frameworks */ = {
			isa = PBXFrameworksBuildPhase;
			buildActionMask = 2147483647;
			files = (
			);
			runOnlyForDeploymentPostprocessing = 0;
		};
		1C62E18027CF444000F8CEC4 /* Frameworks */ = {
			isa = PBXFrameworksBuildPhase;
			buildActionMask = 2147483647;
			files = (
			);
			runOnlyForDeploymentPostprocessing = 0;
		};
		1C62E18A27CF444000F8CEC4 /* Frameworks */ = {
			isa = PBXFrameworksBuildPhase;
			buildActionMask = 2147483647;
			files = (
			);
			runOnlyForDeploymentPostprocessing = 0;
		};
/* End PBXFrameworksBuildPhase section */

/* Begin PBXGroup section */
		1C62E16427CF443F00F8CEC4 = {
			isa = PBXGroup;
			children = (
				1C62E16F27CF443F00F8CEC4 /* Gogolooktest */,
				1C62E18627CF444000F8CEC4 /* GogolooktestTests */,
				1C62E19027CF444000F8CEC4 /* GogolooktestUITests */,
				1C62E16E27CF443F00F8CEC4 /* Products */,
			);
			sourceTree = "<group>";
		};
		1C62E16E27CF443F00F8CEC4 /* Products */ = {
			isa = PBXGroup;
			children = (
				1C62E16D27CF443F00F8CEC4 /* Gogolooktest.app */,
				1C62E18327CF444000F8CEC4 /* GogolooktestTests.xctest */,
				1C62E18D27CF444000F8CEC4 /* GogolooktestUITests.xctest */,
			);
			name = Products;
			sourceTree = "<group>";
		};
		1C62E16F27CF443F00F8CEC4 /* Gogolooktest */ = {
			isa = PBXGroup;
			children = (
				1C62E17027CF443F00F8CEC4 /* AppDelegate.swift */,
				1C62E17227CF443F00F8CEC4 /* SceneDelegate.swift */,
				1C62E17427CF443F00F8CEC4 /* ViewController.swift */,
				1C62E17627CF443F00F8CEC4 /* Main.storyboard */,
				1C62E17927CF444000F8CEC4 /* Assets.xcassets */,
				1C62E17B27CF444000F8CEC4 /* LaunchScreen.storyboard */,
				1C62E17E27CF444000F8CEC4 /* Info.plist */,
			);
			path = Gogolooktest;
			sourceTree = "<group>";
		};
		1C62E18627CF444000F8CEC4 /* GogolooktestTests */ = {
			isa = PBXGroup;
			children = (
				1C62E18727CF444000F8CEC4 /* GogolooktestTests.swift */,
			);
			path = GogolooktestTests;
			sourceTree = "<group>";
		};
		1C62E19027CF444000F8CEC4 /* GogolooktestUITests */ = {
			isa = PBXGroup;
			children = (
				1C62E19127CF444000F8CEC4 /* GogolooktestUITests.swift */,
				1C62E19327CF444000F8CEC4 /* GogolooktestUITestsLaunchTests.swift */,
			);
			path = GogolooktestUITests;
			sourceTree = "<group>";
		};
/* End PBXGroup section */

/* Begin PBXNativeTarget section */
		1C62E16C27CF443F00F8CEC4 /* Gogolooktest */ = {
			isa = PBXNativeTarget;
			buildConfigurationList = 1C62E19727CF444000F8CEC4 /* Build configuration list for PBXNativeTarget "Gogolooktest" */;
			buildPhases = (
				1C62E16927CF443F00F8CEC4 /* Sources */,
				1C62E16A27CF443F00F8CEC4 /* Frameworks */,
				1C62E16B27CF443F00F8CEC4 /* Resources */,
			);
			buildRules = (
			);
			dependencies = (
			);
			name = Gogolooktest;
			productName = Gogolooktest;
			productReference = 1C62E16D27CF443F00F8CEC4 /* Gogolooktest.app */;
			productType = "com.apple.product-type.application";
		};
		1C62E18227CF444000F8CEC4 /* GogolooktestTests */ = {
			isa = PBXNativeTarget;
			buildConfigurationList = 1C62E19A27CF444000F8CEC4 /* Build configuration list for PBXNativeTarget "GogolooktestTests" */;
			buildPhases = (
				1C62E17F27CF444000F8CEC4 /* Sources */,
				1C62E18027CF444000F8CEC4 /* Frameworks */,
				1C62E18127CF444000F8CEC4 /* Resources */,
			);
			buildRules = (
			);
			dependencies = (
				1C62E18527CF444000F8CEC4 /* PBXTargetDependency */,
			);
			name = GogolooktestTests;
			productName = GogolooktestTests;
			productReference = 1C62E18327CF444000F8CEC4 /* GogolooktestTests.xctest */;
			productType = "com.apple.product-type.bundle.unit-test";
		};
		1C62E18C27CF444000F8CEC4 /* GogolooktestUITests */ = {
			isa = PBXNativeTarget;
			buildConfigurationList = 1C62E19D27CF444000F8CEC4 /* Build configuration list for PBXNativeTarget "GogolooktestUITests" */;
			buildPhases = (
				1C62E18927CF444000F8CEC4 /* Sources */,
				1C62E18A27CF444000F8CEC4 /* Frameworks */,
				1C62E18B27CF444000F8CEC4 /* Resources */,
			);
			buildRules = (
			);
			dependencies = (
				1C62E18F27CF444000F8CEC4 /* PBXTargetDependency */,
			);
			name = GogolooktestUITests;
			productName = GogolooktestUITests;
			productReference = 1C62E18D27CF444000F8CEC4 /* GogolooktestUITests.xctest */;
			productType = "com.apple.product-type.bundle.ui-testing";
		};
/* End PBXNativeTarget section */

/* Begin PBXProject section */
		1C62E16527CF443F00F8CEC4 /* Project object */ = {
			isa = PBXProject;
			attributes = {
				BuildIndependentTargetsInParallel = 1;
				LastSwiftUpdateCheck = 1320;
				LastUpgradeCheck = 1320;
				TargetAttributes = {
					1C62E16C27CF443F00F8CEC4 = {
						CreatedOnToolsVersion = 13.2.1;
					};
					1C62E18227CF444000F8CEC4 = {
						CreatedOnToolsVersion = 13.2.1;
						TestTargetID = 1C62E16C27CF443F00F8CEC4;
					};
					1C62E18C27CF444000F8CEC4 = {
						CreatedOnToolsVersion = 13.2.1;
						TestTargetID = 1C62E16C27CF443F00F8CEC4;
					};
				};
			};
			buildConfigurationList = 1C62E16827CF443F00F8CEC4 /* Build configuration list for PBXProject "Gogolooktest" */;
			compatibilityVersion = "Xcode 13.0";
			developmentRegion = en;
			hasScannedForEncodings = 0;
			knownRegions = (
				en,
				Base,
			);
			mainGroup = 1C62E16427CF443F00F8CEC4;
			productRefGroup = 1C62E16E27CF443F00F8CEC4 /* Products */;
			projectDirPath = "";
			projectRoot = "";
			targets = (
				1C62E16C27CF443F00F8CEC4 /* Gogolooktest */,
				1C62E18227CF444000F8CEC4 /* GogolooktestTests */,
				1C62E18C27CF444000F8CEC4 /* GogolooktestUITests */,
			);
		};
/* End PBXProject section */

/* Begin PBXResourcesBuildPhase section */
		1C62E16B27CF443F00F8CEC4 /* Resources */ = {
			isa = PBXResourcesBuildPhase;
			buildActionMask = 2147483647;
			files = (
				1C62E17D27CF444000F8CEC4 /* LaunchScreen.storyboard in Resources */,
				1C62E17A27CF444000F8CEC4 /* Assets.xcassets in Resources */,
				1C62E17827CF443F00F8CEC4 /* Main.storyboard in Resources */,
			);
			runOnlyForDeploymentPostprocessing = 0;
		};
		1C62E18127CF444000F8CEC4 /* Resources */ = {
			isa = PBXResourcesBuildPhase;
			buildActionMask = 2147483647;
			files = (
			);
			runOnlyForDeploymentPostprocessing = 0;
		};
		1C62E18B27CF444000F8CEC4 /* Resources */ = {
			isa = PBXResourcesBuildPhase;
			buildActionMask = 2147483647;
			files = (
			);
			runOnlyForDeploymentPostprocessing = 0;
		};
/* End PBXResourcesBuildPhase section */

/* Begin PBXSourcesBuildPhase section */
		1C62E16927CF443F00F8CEC4 /* Sources */ = {
			isa = PBXSourcesBuildPhase;
			buildActionMask = 2147483647;
			files = (
				1C62E17527CF443F00F8CEC4 /* ViewController.swift in Sources */,
				1C62E17127CF443F00F8CEC4 /* AppDelegate.swift in Sources */,
				1C62E17327CF443F00F8CEC4 /* SceneDelegate.swift in Sources */,
			);
			runOnlyForDeploymentPostprocessing = 0;
		};
		1C62E17F27CF444000F8CEC4 /* Sources */ = {
			isa = PBXSourcesBuildPhase;
			buildActionMask = 2147483647;
			files = (
				1C62E18827CF444000F8CEC4 /* GogolooktestTests.swift in Sources */,
			);
			runOnlyForDeploymentPostprocessing = 0;
		};
		1C62E18927CF444000F8CEC4 /* Sources */ = {
			isa = PBXSourcesBuildPhase;
			buildActionMask = 2147483647;
			files = (
				1C62E19227CF444000F8CEC4 /* GogolooktestUITests.swift in Sources */,
				1C62E19427CF444000F8CEC4 /* GogolooktestUITestsLaunchTests.swift in Sources */,
			);
			runOnlyForDeploymentPostprocessing = 0;
		};
/* End PBXSourcesBuildPhase section */

/* Begin PBXTargetDependency section */
		1C62E18527CF444000F8CEC4 /* PBXTargetDependency */ = {
			isa = PBXTargetDependency;
			target = 1C62E16C27CF443F00F8CEC4 /* Gogolooktest */;
			targetProxy = 1C62E18427CF444000F8CEC4 /* PBXContainerItemProxy */;
		};
		1C62E18F27CF444000F8CEC4 /* PBXTargetDependency */ = {
			isa = PBXTargetDependency;
			target = 1C62E16C27CF443F00F8CEC4 /* Gogolooktest */;
			targetProxy = 1C62E18E27CF444000F8CEC4 /* PBXContainerItemProxy */;
		};
/* End PBXTargetDependency section */

/* Begin PBXVariantGroup section */
		1C62E17627CF443F00F8CEC4 /* Main.storyboard */ = {
			isa = PBXVariantGroup;
			children = (
				1C62E17727CF443F00F8CEC4 /* Base */,
			);
			name = Main.storyboard;
			sourceTree = "<group>";
		};
		1C62E17B27CF444000F8CEC4 /* LaunchScreen.storyboard */ = {
			isa = PBXVariantGroup;
			children = (
				1C62E17C27CF444000F8CEC4 /* Base */,
			);
			name = LaunchScreen.storyboard;
			sourceTree = "<group>";
		};
/* End PBXVariantGroup section */

/* Begin XCBuildConfiguration section */
		1C62E19527CF444000F8CEC4 /* Debug */ = {
			isa = XCBuildConfiguration;
			buildSettings = {
				ALWAYS_SEARCH_USER_PATHS = NO;
				CLANG_ANALYZER_NONNULL = YES;
				CLANG_ANALYZER_NUMBER_OBJECT_CONVERSION = YES_AGGRESSIVE;
				CLANG_CXX_LANGUAGE_STANDARD = "gnu++17";
				CLANG_CXX_LIBRARY = "libc++";
				CLANG_ENABLE_MODULES = YES;
				CLANG_ENABLE_OBJC_ARC = YES;
				CLANG_ENABLE_OBJC_WEAK = YES;
				CLANG_WARN_BLOCK_CAPTURE_AUTORELEASING = YES;
				CLANG_WARN_BOOL_CONVERSION = YES;
				CLANG_WARN_COMMA = YES;
				CLANG_WARN_CONSTANT_CONVERSION = YES;
				CLANG_WARN_DEPRECATED_OBJC_IMPLEMENTATIONS = YES;
				CLANG_WARN_DIRECT_OBJC_ISA_USAGE = YES_ERROR;
				CLANG_WARN_DOCUMENTATION_COMMENTS = YES;
				CLANG_WARN_EMPTY_BODY = YES;
				CLANG_WARN_ENUM_CONVERSION = YES;
				CLANG_WARN_INFINITE_RECURSION = YES;
				CLANG_WARN_INT_CONVERSION = YES;
				CLANG_WARN_NON_LITERAL_NULL_CONVERSION = YES;
				CLANG_WARN_OBJC_IMPLICIT_RETAIN_SELF = YES;
				CLANG_WARN_OBJC_LITERAL_CONVERSION = YES;
				CLANG_WARN_OBJC_ROOT_CLASS = YES_ERROR;
				CLANG_WARN_QUOTED_INCLUDE_IN_FRAMEWORK_HEADER = YES;
				CLANG_WARN_RANGE_LOOP_ANALYSIS = YES;
				CLANG_WARN_STRICT_PROTOTYPES = YES;
				CLANG_WARN_SUSPICIOUS_MOVE = YES;
				CLANG_WARN_UNGUARDED_AVAILABILITY = YES_AGGRESSIVE;
				CLANG_WARN_UNREACHABLE_CODE = YES;
				CLANG_WARN__DUPLICATE_METHOD_MATCH = YES;
				COPY_PHASE_STRIP = NO;
				DEBUG_INFORMATION_FORMAT = dwarf;
				ENABLE_STRICT_OBJC_MSGSEND = YES;
				ENABLE_TESTABILITY = YES;
				GCC_C_LANGUAGE_STANDARD = gnu11;
				GCC_DYNAMIC_NO_PIC = NO;
				GCC_NO_COMMON_BLOCKS = YES;
				GCC_OPTIMIZATION_LEVEL = 0;
				GCC_PREPROCESSOR_DEFINITIONS = (
					"DEBUG=1",
					"$(inherited)",
				);
				GCC_WARN_64_TO_32_BIT_CONVERSION = YES;
				GCC_WARN_ABOUT_RETURN_TYPE = YES_ERROR;
				GCC_WARN_UNDECLARED_SELECTOR = YES;
				GCC_WARN_UNINITIALIZED_AUTOS = YES_AGGRESSIVE;
				GCC_WARN_UNUSED_FUNCTION = YES;
				GCC_WARN_UNUSED_VARIABLE = YES;
				IPHONEOS_DEPLOYMENT_TARGET = 15.2;
				MTL_ENABLE_DEBUG_INFO = INCLUDE_SOURCE;
				MTL_FAST_MATH = YES;
				ONLY_ACTIVE_ARCH = YES;
				SDKROOT = iphoneos;
				SWIFT_ACTIVE_COMPILATION_CONDITIONS = DEBUG;
				SWIFT_OPTIMIZATION_LEVEL = "-Onone";
			};
			name = Debug;
		};
		1C62E19627CF444000F8CEC4 /* Release */ = {
			isa = XCBuildConfiguration;
			buildSettings = {
				ALWAYS_SEARCH_USER_PATHS = NO;
				CLANG_ANALYZER_NONNULL = YES;
				CLANG_ANALYZER_NUMBER_OBJECT_CONVERSION = YES_AGGRESSIVE;
				CLANG_CXX_LANGUAGE_STANDARD = "gnu++17";
				CLANG_CXX_LIBRARY = "libc++";
				CLANG_ENABLE_MODULES = YES;
				CLANG_ENABLE_OBJC_ARC = YES;
				CLANG_ENABLE_OBJC_WEAK = YES;
				CLANG_WARN_BLOCK_CAPTURE_AUTORELEASING = YES;
				CLANG_WARN_BOOL_CONVERSION = YES;
				CLANG_WARN_COMMA = YES;
				CLANG_WARN_CONSTANT_CONVERSION = YES;
				CLANG_WARN_DEPRECATED_OBJC_IMPLEMENTATIONS = YES;
				CLANG_WARN_DIRECT_OBJC_ISA_USAGE = YES_ERROR;
				CLANG_WARN_DOCUMENTATION_COMMENTS = YES;
				CLANG_WARN_EMPTY_BODY = YES;
				CLANG_WARN_ENUM_CONVERSION = YES;
				CLANG_WARN_INFINITE_RECURSION = YES;
				CLANG_WARN_INT_CONVERSION = YES;
				CLANG_WARN_NON_LITERAL_NULL_CONVERSION = YES;
				CLANG_WARN_OBJC_IMPLICIT_RETAIN_SELF = YES;
				CLANG_WARN_OBJC_LITERAL_CONVERSION = YES;
				CLANG_WARN_OBJC_ROOT_CLASS = YES_ERROR;
				CLANG_WARN_QUOTED_INCLUDE_IN_FRAMEWORK_HEADER = YES;
				CLANG_WARN_RANGE_LOOP_ANALYSIS = YES;
				CLANG_WARN_STRICT_PROTOTYPES = YES;
				CLANG_WARN_SUSPICIOUS_MOVE = YES;
				CLANG_WARN_UNGUARDED_AVAILABILITY = YES_AGGRESSIVE;
				CLANG_WARN_UNREACHABLE_CODE = YES;
				CLANG_WARN__DUPLICATE_METHOD_MATCH = YES;
				COPY_PHASE_STRIP = NO;
				DEBUG_INFORMATION_FORMAT = "dwarf-with-dsym";
				ENABLE_NS_ASSERTIONS = NO;
				ENABLE_STRICT_OBJC_MSGSEND = YES;
				GCC_C_LANGUAGE_STANDARD = gnu11;
				GCC_NO_COMMON_BLOCKS = YES;
				GCC_WARN_64_TO_32_BIT_CONVERSION = YES;
				GCC_WARN_ABOUT_RETURN_TYPE = YES_ERROR;
				GCC_WARN_UNDECLARED_SELECTOR = YES;
				GCC_WARN_UNINITIALIZED_AUTOS = YES_AGGRESSIVE;
				GCC_WARN_UNUSED_FUNCTION = YES;
				GCC_WARN_UNUSED_VARIABLE = YES;
				IPHONEOS_DEPLOYMENT_TARGET = 15.2;
				MTL_ENABLE_DEBUG_INFO = NO;
				MTL_FAST_MATH = YES;
				SDKROOT = iphoneos;
				SWIFT_COMPILATION_MODE = wholemodule;
				SWIFT_OPTIMIZATION_LEVEL = "-O";
				VALIDATE_PRODUCT = YES;
			};
			name = Release;
		};
		1C62E19827CF444000F8CEC4 /* Debug */ = {
			isa = XCBuildConfiguration;
			buildSettings = {
				ASSETCATALOG_COMPILER_APPICON_NAME = AppIcon;
				ASSETCATALOG_COMPILER_GLOBAL_ACCENT_COLOR_NAME = AccentColor;
				CODE_SIGN_STYLE = Automatic;
				CURRENT_PROJECT_VERSION = 1;
				DEVELOPMENT_TEAM = 95VHZ5F7WP;
				GENERATE_INFOPLIST_FILE = YES;
				INFOPLIST_FILE = Gogolooktest/Info.plist;
				INFOPLIST_KEY_UIApplicationSupportsIndirectInputEvents = YES;
				INFOPLIST_KEY_UILaunchStoryboardName = LaunchScreen;
				INFOPLIST_KEY_UIMainStoryboardFile = Main;
				INFOPLIST_KEY_UISupportedInterfaceOrientations_iPad = "UIInterfaceOrientationPortrait UIInterfaceOrientationPortraitUpsideDown UIInterfaceOrientationLandscapeLeft UIInterfaceOrientationLandscapeRight";
				INFOPLIST_KEY_UISupportedInterfaceOrientations_iPhone = "UIInterfaceOrientationPortrait UIInterfaceOrientationLandscapeLeft UIInterfaceOrientationLandscapeRight";
				LD_RUNPATH_SEARCH_PATHS = (
					"$(inherited)",
					"@executable_path/Frameworks",
				);
				MARKETING_VERSION = 1.0;
				PRODUCT_BUNDLE_IDENTIFIER = com.jason.Gogolooktest;
				PRODUCT_NAME = "$(TARGET_NAME)";
				SWIFT_EMIT_LOC_STRINGS = YES;
				SWIFT_VERSION = 5.0;
				TARGETED_DEVICE_FAMILY = "1,2";
			};
			name = Debug;
		};
		1C62E19927CF444000F8CEC4 /* Release */ = {
			isa = XCBuildConfiguration;
			buildSettings = {
				ASSETCATALOG_COMPILER_APPICON_NAME = AppIcon;
				ASSETCATALOG_COMPILER_GLOBAL_ACCENT_COLOR_NAME = AccentColor;
				CODE_SIGN_STYLE = Automatic;
				CURRENT_PROJECT_VERSION = 1;
				DEVELOPMENT_TEAM = 95VHZ5F7WP;
				GENERATE_INFOPLIST_FILE = YES;
				INFOPLIST_FILE = Gogolooktest/Info.plist;
				INFOPLIST_KEY_UIApplicationSupportsIndirectInputEvents = YES;
				INFOPLIST_KEY_UILaunchStoryboardName = LaunchScreen;
				INFOPLIST_KEY_UIMainStoryboardFile = Main;
				INFOPLIST_KEY_UISupportedInterfaceOrientations_iPad = "UIInterfaceOrientationPortrait UIInterfaceOrientationPortraitUpsideDown UIInterfaceOrientationLandscapeLeft UIInterfaceOrientationLandscapeRight";
				INFOPLIST_KEY_UISupportedInterfaceOrientations_iPhone = "UIInterfaceOrientationPortrait UIInterfaceOrientationLandscapeLeft UIInterfaceOrientationLandscapeRight";
				LD_RUNPATH_SEARCH_PATHS = (
					"$(inherited)",
					"@executable_path/Frameworks",
				);
				MARKETING_VERSION = 1.0;
				PRODUCT_BUNDLE_IDENTIFIER = com.jason.Gogolooktest;
				PRODUCT_NAME = "$(TARGET_NAME)";
				SWIFT_EMIT_LOC_STRINGS = YES;
				SWIFT_VERSION = 5.0;
				TARGETED_DEVICE_FAMILY = "1,2";
			};
			name = Release;
		};
		1C62E19B27CF444000F8CEC4 /* Debug */ = {
			isa = XCBuildConfiguration;
			buildSettings = {
				ALWAYS_EMBED_SWIFT_STANDARD_LIBRARIES = YES;
				BUNDLE_LOADER = "$(TEST_HOST)";
				CODE_SIGN_STYLE = Automatic;
				CURRENT_PROJECT_VERSION = 1;
				DEVELOPMENT_TEAM = 95VHZ5F7WP;
				GENERATE_INFOPLIST_FILE = YES;
				IPHONEOS_DEPLOYMENT_TARGET = 15.2;
				MARKETING_VERSION = 1.0;
				PRODUCT_BUNDLE_IDENTIFIER = com.jason.GogolooktestTests;
				PRODUCT_NAME = "$(TARGET_NAME)";
				SWIFT_EMIT_LOC_STRINGS = NO;
				SWIFT_VERSION = 5.0;
				TARGETED_DEVICE_FAMILY = "1,2";
				TEST_HOST = "$(BUILT_PRODUCTS_DIR)/Gogolooktest.app/Gogolooktest";
			};
			name = Debug;
		};
		1C62E19C27CF444000F8CEC4 /* Release */ = {
			isa = XCBuildConfiguration;
			buildSettings = {
				ALWAYS_EMBED_SWIFT_STANDARD_LIBRARIES = YES;
				BUNDLE_LOADER = "$(TEST_HOST)";
				CODE_SIGN_STYLE = Automatic;
				CURRENT_PROJECT_VERSION = 1;
				DEVELOPMENT_TEAM = 95VHZ5F7WP;
				GENERATE_INFOPLIST_FILE = YES;
				IPHONEOS_DEPLOYMENT_TARGET = 15.2;
				MARKETING_VERSION = 1.0;
				PRODUCT_BUNDLE_IDENTIFIER = com.jason.GogolooktestTests;
				PRODUCT_NAME = "$(TARGET_NAME)";
				SWIFT_EMIT_LOC_STRINGS = NO;
				SWIFT_VERSION = 5.0;
				TARGETED_DEVICE_FAMILY = "1,2";
				TEST_HOST = "$(BUILT_PRODUCTS_DIR)/Gogolooktest.app/Gogolooktest";
			};
			name = Release;
		};
		1C62E19E27CF444000F8CEC4 /* Debug */ = {
			isa = XCBuildConfiguration;
			buildSettings = {
				ALWAYS_EMBED_SWIFT_STANDARD_LIBRARIES = YES;
				CODE_SIGN_STYLE = Automatic;
				CURRENT_PROJECT_VERSION = 1;
				DEVELOPMENT_TEAM = 95VHZ5F7WP;
				GENERATE_INFOPLIST_FILE = YES;
				MARKETING_VERSION = 1.0;
				PRODUCT_BUNDLE_IDENTIFIER = com.jason.GogolooktestUITests;
				PRODUCT_NAME = "$(TARGET_NAME)";
				SWIFT_EMIT_LOC_STRINGS = NO;
				SWIFT_VERSION = 5.0;
				TARGETED_DEVICE_FAMILY = "1,2";
				TEST_TARGET_NAME = Gogolooktest;
			};
			name = Debug;
		};
		1C62E19F27CF444000F8CEC4 /* Release */ = {
			isa = XCBuildConfiguration;
			buildSettings = {
				ALWAYS_EMBED_SWIFT_STANDARD_LIBRARIES = YES;
				CODE_SIGN_STYLE = Automatic;
				CURRENT_PROJECT_VERSION = 1;
				DEVELOPMENT_TEAM = 95VHZ5F7WP;
				GENERATE_INFOPLIST_FILE = YES;
				MARKETING_VERSION = 1.0;
				PRODUCT_BUNDLE_IDENTIFIER = com.jason.GogolooktestUITests;
				PRODUCT_NAME = "$(TARGET_NAME)";
				SWIFT_EMIT_LOC_STRINGS = NO;
				SWIFT_VERSION = 5.0;
				TARGETED_DEVICE_FAMILY = "1,2";
				TEST_TARGET_NAME = Gogolooktest;
			};
			name = Release;
		};
/* End XCBuildConfiguration section */

/* Begin XCConfigurationList section */
		1C62E16827CF443F00F8CEC4 /* Build configuration list for PBXProject "Gogolooktest" */ = {
			isa = XCConfigurationList;
			buildConfigurations = (
				1C62E19527CF444000F8CEC4 /* Debug */,
				1C62E19627CF444000F8CEC4 /* Release */,
			);
			defaultConfigurationIsVisible = 0;
			defaultConfigurationName = Release;
		};
		1C62E19727CF444000F8CEC4 /* Build configuration list for PBXNativeTarget "Gogolooktest" */ = {
			isa = XCConfigurationList;
			buildConfigurations = (
				1C62E19827CF444000F8CEC4 /* Debug */,
				1C62E19927CF444000F8CEC4 /* Release */,
			);
			defaultConfigurationIsVisible = 0;
			defaultConfigurationName = Release;
		};
		1C62E19A27CF444000F8CEC4 /* Build configuration list for PBXNativeTarget "GogolooktestTests" */ = {
			isa = XCConfigurationList;
			buildConfigurations = (
				1C62E19B27CF444000F8CEC4 /* Debug */,
				1C62E19C27CF444000F8CEC4 /* Release */,
			);
			defaultConfigurationIsVisible = 0;
			defaultConfigurationName = Release;
		};
		1C62E19D27CF444000F8CEC4 /* Build configuration list for PBXNativeTarget "GogolooktestUITests" */ = {
			isa = XCConfigurationList;
			buildConfigurations = (
				1C62E19E27CF444000F8CEC4 /* Debug */,
				1C62E19F27CF444000F8CEC4 /* Release */,
			);
			defaultConfigurationIsVisible = 0;
			defaultConfigurationName = Release;
		};
/* End XCConfigurationList section */
	};
	rootObject = 1C62E16527CF443F00F8CEC4 /* Project object */;
}
